# This file is automatically @generated by Poetry 1.6.1 and should not be changed by hand.

[[package]]
name = "python-dotenv"
version = "1.0.0"
description = "Read key-value pairs from a .env file and set them as environment variables"
optional = false
python-versions = ">=3.8"
files = [
    {file = "python-dotenv-1.0.0.tar.gz", hash = "sha256:a8df96034aae6d2d50a4ebe8216326c61c3eb64836776504fcca410e5937a3ba"},
    {file = "python_dotenv-1.0.0-py3-none-any.whl", hash = "sha256:f5971a9226b701070a4bf2c38c89e5a3f0d64de8debda981d1db98583009122a"},
]

[package.extras]
cli = ["click (>=5.0)"]

[[package]]
name = "schedule"
version = "1.2.1"
description = "Job scheduling for humans."
optional = false
python-versions = ">=3.7"
files = [
    {file = "schedule-1.2.1-py2.py3-none-any.whl", hash = "sha256:14cdeb083a596aa1de6dc77639a1b2ac8bf6eaafa82b1c9279d3612823063d01"},
    {file = "schedule-1.2.1.tar.gz", hash = "sha256:843bc0538b99c93f02b8b50e3e39886c06f2d003b24f48e1aa4cadfa3f341279"},
]

[[package]]
name = "slack-sdk"
version = "3.26.1"
description = "The Slack API Platform SDK for Python"
optional = false
python-versions = ">=3.6.0"
files = [
    {file = "slack_sdk-3.26.1-py2.py3-none-any.whl", hash = "sha256:f80f0d15f0fce539b470447d2a07b03ecdad6b24f69c1edd05d464cf21253a06"},
    {file = "slack_sdk-3.26.1.tar.gz", hash = "sha256:d1600211eaa37c71a5f92daf4404074c3e6b3f5359a37c93c818b39d88ab4ca0"},
]

[package.extras]
optional = ["SQLAlchemy (>=1.4,<3)", "aiodns (>1.0)", "aiohttp (>=3.7.3,<4)", "boto3 (<=2)", "websocket-client (>=1,<2)", "websockets (>=10,<11)"]
testing = ["Flask (>=1,<2)", "Flask-Sockets (>=0.2,<1)", "Jinja2 (==3.0.3)", "Werkzeug (<2)", "black (==22.8.0)", "boto3 (<=2)", "click (==8.0.4)", "flake8 (>=5.0.4,<7)", "itsdangerous (==1.1.0)", "moto (>=3,<4)", "psutil (>=5,<6)", "pytest (>=7.0.1,<8)", "pytest-asyncio (<1)", "pytest-cov (>=2,<3)"]

[metadata]
lock-version = "2.0"
python-versions = "^3.11"
content-hash = "7aac6cf542aebe150b861220668f92a94fd5c6b30b9ada735d6070371e0e82e5"
